
Microsoft Visual Studio Solution File, Format Version 12.00
# Visual Studio Version 16
VisualStudioVersion = 16.0.29503.13
MinimumVisualStudioVersion = 10.0.40219.1
Project("{FAE04EC0-301F-11D3-BF4B-00C04F79EFBC}") = "ORoutes", "ORoutes.csproj", "{61D9D81E-6BCB-47AC-B30E-E5D8B7E86A5F}"
EndProject
Global
	GlobalSection(SolutionConfigurationPlatforms) = preSolution
		Debug|Any CPU = Debug|Any CPU
		Release|Any CPU = Release|Any CPU
	EndGlobalSection
	GlobalSection(ProjectConfigurationPlatforms) = postSolution
		{61D9D81E-6BCB-47AC-B30E-E5D8B7E86A5F}.Debug|Any CPU.ActiveCfg = Debug|Any CPU
		{61D9D81E-6BCB-47AC-B30E-E5D8B7E86A5F}.Debug|Any CPU.Build.0 = Debug|Any CPU
		{61D9D81E-6BCB-47AC-B30E-E5D8B7E86A5F}.Release|Any CPU.ActiveCfg = Release|Any CPU
		{61D9D81E-6BCB-47AC-B30E-E5D8B7E86A5F}.Release|Any CPU.Build.0 = Release|Any CPU
	EndGlobalSection
	GlobalSection(SolutionProperties) = preSolution
		HideSolutionNode = FALSE
	EndGlobalSection
	GlobalSection(ExtensibilityGlobals) = postSolution
		SolutionGuid = {4A0BD80F-CEB6-44A5-BB4A-A092405AC446}
	EndGlobalSection
EndGlobal
